
Microsoft Visual Studio Solution File, Format Version 12.00
# Visual Studio 14
VisualStudioVersion = 14.0.25420.1
MinimumVisualStudioVersion = 10.0.40219.1
Project("{FAE04EC0-301F-11D3-BF4B-00C04F79EFBC}") = "XMLparsing", "XMLparsing\XMLparsing.csproj", "{E64A4E50-C85C-4BDF-B425-CD7B21DA9D95}"
EndProject
Project("{FAE04EC0-301F-11D3-BF4B-00C04F79EFBC}") = "XMLWebRepository", "XMLWebRepository\XMLWebRepository.csproj", "{E7D619A5-1719-48BC-8D16-ABBFF2146A7E}"
EndProject
Global
	GlobalSection(SolutionConfigurationPlatforms) = preSolution
		Debug|Any CPU = Debug|Any CPU
		Release|Any CPU = Release|Any CPU
	EndGlobalSection
	GlobalSection(ProjectConfigurationPlatforms) = postSolution
		{E64A4E50-C85C-4BDF-B425-CD7B21DA9D95}.Debug|Any CPU.ActiveCfg = Debug|Any CPU
		{E64A4E50-C85C-4BDF-B425-CD7B21DA9D95}.Debug|Any CPU.Build.0 = Debug|Any CPU
		{E64A4E50-C85C-4BDF-B425-CD7B21DA9D95}.Release|Any CPU.ActiveCfg = Release|Any CPU
		{E64A4E50-C85C-4BDF-B425-CD7B21DA9D95}.Release|Any CPU.Build.0 = Release|Any CPU
		{E7D619A5-1719-48BC-8D16-ABBFF2146A7E}.Debug|Any CPU.ActiveCfg = Debug|Any CPU
		{E7D619A5-1719-48BC-8D16-ABBFF2146A7E}.Debug|Any CPU.Build.0 = Debug|Any CPU
		{E7D619A5-1719-48BC-8D16-ABBFF2146A7E}.Release|Any CPU.ActiveCfg = Release|Any CPU
		{E7D619A5-1719-48BC-8D16-ABBFF2146A7E}.Release|Any CPU.Build.0 = Release|Any CPU
	EndGlobalSection
	GlobalSection(SolutionProperties) = preSolution
		HideSolutionNode = FALSE
	EndGlobalSection
EndGlobal
